github.com/chipzoller/hugo-clarity v0.0.0-20230412150923-aaf6da813c63 h1:pqD93SRZ+wOCZcN29IFJ+4RxDC/rHwZUNNlgciQLhbU=
github.com/chipzoller/hugo-clarity v0.0.0-20230412150923-aaf6da813c63/go.mod h1:v1JkaKdcLRibyUCalLP2CNeFo6FGzfd4ipEr4dK0+Zg=
github.com/chipzoller/hugo-clarity v0.0.0-20240305073313-119e1ca7eed7 h1:7RqRRsqErGF3tf62xr3Xjm9caBVc61GV+eD0HEjDXwM=
github.com/chipzoller/hugo-clarity v0.0.0-20240305073313-119e1ca7eed7/go.mod h1:v1JkaKdcLRibyUCalLP2CNeFo6FGzfd4ipEr4dK0+Zg=
github.com/chipzoller/hugo-clarity v0.0.0-20240923132253-174a5e638704 h1:4+BZS/XjovHRE0FeQ7Raq2+ELbE/Rs5OJMJazeE470o=
github.com/chipzoller/hugo-clarity v0.0.0-20240923132253-174a5e638704/go.mod h1:v1JkaKdcLRibyUCalLP2CNeFo6FGzfd4ipEr4dK0+Zg=
github.com/chipzoller/hugo-clarity v0.0.0-20250328112150-ff8ac149f364 h1:Dd/ObbjRz7YYJBvo6fMT55IQ58UhesFngOctTh+gVtQ=
github.com/chipzoller/hugo-clarity v0.0.0-20250328112150-ff8ac149f364/go.mod h1:v1JkaKdcLRibyUCalLP2CNeFo6FGzfd4ipEr4dK0+Zg=
